PODS:
  - Alamofire (5.6.4)
  - DropDown (2.3.13)
  - SnapKit (5.6.0)
  - SwiftGen (6.6.2)
  - SwiftLint (0.51.0)
  - WrappingHStack (2.2.10)

DEPENDENCIES:
  - Alamofire
  - DropDown
  - SnapKit
  - SwiftGen
  - SwiftLint
  - WrappingHStack

SPEC REPOS:
  trunk:
    - Alamofire
    - DropDown
    - SnapKit
    - SwiftGen
    - SwiftLint
    - WrappingHStack

SPEC CHECKSUMS:
  Alamofire: 4e95d97098eacb88856099c4fc79b526a299e48c
  DropDown: 8a2116376c1981888557f72ec2ffc9a5e0e456ec
  SnapKit: e01d52ebb8ddbc333eefe2132acf85c8227d9c25
  SwiftGen: 1366a7f71aeef49954ca5a63ba4bef6b0f24138c
  SwiftLint: 1b7561918a19e23bfed960e40759086e70f4dba5
  WrappingHStack: f784737f5707f8fea91b687074530dbefd2dbf05

PODFILE CHECKSUM: a17e3d81cd22fd8d37291de986dfa3a8007ea004

COCOAPODS: 1.14.3
