// !$*UTF8*$!
{
	archiveVersion = 1;
	classes = {
	};
	objectVersion = 55;
	objects = {

/* Begin PBXBuildFile section */
		025CB28F2B3837A200AEDAC0 /* RegisterViewController.swift in Sources */ = {isa = PBXBuildFile; fileRef = 025CB2882B3837A200AEDAC0 /* RegisterViewController.swift */; };
		025CB2952B3837A200AEDAC0 /* AuthViewController.swift in Sources */ = {isa = PBXBuildFile; fileRef = 025CB28E2B3837A200AEDAC0 /* AuthViewController.swift */; };
		5801E20A2B736A2700DF23FB /* ButtonExtension.swift in Sources */ = {isa = PBXBuildFile; fileRef = 5801E2092B736A2700DF23FB /* ButtonExtension.swift */; };
		5801E20C2B736AE600DF23FB /* ButtonTableViewCell.swift in Sources */ = {isa = PBXBuildFile; fileRef = 5801E20B2B736AE600DF23FB /* ButtonTableViewCell.swift */; };
		5862D8D72B6FCE1C0086C6D6 /* swiftgen.yml in Resources */ = {isa = PBXBuildFile; fileRef = 58EDA3452B387A9A00F1D716 /* swiftgen.yml */; };
		5863ABE72B6FF27100DABA20 /* Assets.xcassets in Resources */ = {isa = PBXBuildFile; fileRef = 5863ABE62B6FF27100DABA20 /* Assets.xcassets */; };
		5863ABF52B6FF2BF00DABA20 /* SF-Pro-Text-HeavyItalic.otf in Resources */ = {isa = PBXBuildFile; fileRef = 5863ABE92B6FF2BE00DABA20 /* SF-Pro-Text-HeavyItalic.otf */; };
		5863ABF62B6FF2BF00DABA20 /* SF-Pro-Text-Semibold.otf in Resources */ = {isa = PBXBuildFile; fileRef = 5863ABEA2B6FF2BE00DABA20 /* SF-Pro-Text-Semibold.otf */; };
		5863ABF72B6FF2BF00DABA20 /* SF-Pro-Text-LightItalic.otf in Resources */ = {isa = PBXBuildFile; fileRef = 5863ABEB2B6FF2BE00DABA20 /* SF-Pro-Text-LightItalic.otf */; };
		5863ABF82B6FF2BF00DABA20 /* SF-Pro-Text-Bold.otf in Resources */ = {isa = PBXBuildFile; fileRef = 5863ABEC2B6FF2BE00DABA20 /* SF-Pro-Text-Bold.otf */; };
		5863ABF92B6FF2BF00DABA20 /* SF-Pro-Text-Medium.otf in Resources */ = {isa = PBXBuildFile; fileRef = 5863ABED2B6FF2BE00DABA20 /* SF-Pro-Text-Medium.otf */; };
		5863ABFA2B6FF2BF00DABA20 /* SF-Pro-Text-Regular.otf in Resources */ = {isa = PBXBuildFile; fileRef = 5863ABEE2B6FF2BE00DABA20 /* SF-Pro-Text-Regular.otf */; };
		5863ABFB2B6FF2BF00DABA20 /* SF-Pro-Text-MediumItalic.otf in Resources */ = {isa = PBXBuildFile; fileRef = 5863ABEF2B6FF2BE00DABA20 /* SF-Pro-Text-MediumItalic.otf */; };
		5863ABFC2B6FF2BF00DABA20 /* SF-Pro-Text-Heavy.otf in Resources */ = {isa = PBXBuildFile; fileRef = 5863ABF02B6FF2BF00DABA20 /* SF-Pro-Text-Heavy.otf */; };
		5863ABFD2B6FF2BF00DABA20 /* SF-Pro-Text-SemiboldItalic.otf in Resources */ = {isa = PBXBuildFile; fileRef = 5863ABF12B6FF2BF00DABA20 /* SF-Pro-Text-SemiboldItalic.otf */; };
		5863ABFE2B6FF2BF00DABA20 /* SF-Pro-Text-BoldItalic.otf in Resources */ = {isa = PBXBuildFile; fileRef = 5863ABF22B6FF2BF00DABA20 /* SF-Pro-Text-BoldItalic.otf */; };
		5863ABFF2B6FF2BF00DABA20 /* SF-Pro-Text-RegularItalic.otf in Resources */ = {isa = PBXBuildFile; fileRef = 5863ABF32B6FF2BF00DABA20 /* SF-Pro-Text-RegularItalic.otf */; };
		5863AC002B6FF2BF00DABA20 /* SF-Pro-Text-Light.otf in Resources */ = {isa = PBXBuildFile; fileRef = 5863ABF42B6FF2BF00DABA20 /* SF-Pro-Text-Light.otf */; };
		5873E3A02ADB190200F51501 /* AppDelegate.swift in Sources */ = {isa = PBXBuildFile; fileRef = 5873E39F2ADB190200F51501 /* AppDelegate.swift */; };
		5873E3A22ADB190200F51501 /* SceneDelegate.swift in Sources */ = {isa = PBXBuildFile; fileRef = 5873E3A12ADB190200F51501 /* SceneDelegate.swift */; };
		5873E3AC2ADB190600F51501 /* LaunchScreen.storyboard in Resources */ = {isa = PBXBuildFile; fileRef = 5873E3AA2ADB190600F51501 /* LaunchScreen.storyboard */; };
		5873E3D82ADEEA7B00F51501 /* FontExtansion.swift in Sources */ = {isa = PBXBuildFile; fileRef = 5873E3D72ADEEA7B00F51501 /* FontExtansion.swift */; };
		587DA34F2B7383FF0001DE45 /* OnboardingViewController.swift in Sources */ = {isa = PBXBuildFile; fileRef = 587DA34E2B7383FF0001DE45 /* OnboardingViewController.swift */; };
		587DA3552B73DB1F0001DE45 /* DoublePasswordTableViewCell.swift in Sources */ = {isa = PBXBuildFile; fileRef = 587DA3542B73DB1F0001DE45 /* DoublePasswordTableViewCell.swift */; };
		58D4EBF02B721C0D00F79810 /* ForgotPasswordViewController.swift in Sources */ = {isa = PBXBuildFile; fileRef = 58D4EBEF2B721C0D00F79810 /* ForgotPasswordViewController.swift */; };
		58D4EBF22B72351F00F79810 /* LabelExtension.swift in Sources */ = {isa = PBXBuildFile; fileRef = 58D4EBF12B72351F00F79810 /* LabelExtension.swift */; };
		58D4EBF62B72380200F79810 /* TextFieldExtension.swift in Sources */ = {isa = PBXBuildFile; fileRef = 58D4EBF52B72380200F79810 /* TextFieldExtension.swift */; };
		58D4EBF82B7256AF00F79810 /* RegisterTableViewCell.swift in Sources */ = {isa = PBXBuildFile; fileRef = 58D4EBF72B7256AF00F79810 /* RegisterTableViewCell.swift */; };
		58D4EBFB2B72604500F79810 /* CountryTableViewCell.swift in Sources */ = {isa = PBXBuildFile; fileRef = 58D4EBFA2B72604500F79810 /* CountryTableViewCell.swift */; };
		58E02B922B6FF4E700058D21 /* AssetConstants.generated.swift in Sources */ = {isa = PBXBuildFile; fileRef = 58E02B902B6FF4E700058D21 /* AssetConstants.generated.swift */; };
		58E02B932B6FF4E700058D21 /* Fonts.generated.swift in Sources */ = {isa = PBXBuildFile; fileRef = 58E02B912B6FF4E700058D21 /* Fonts.generated.swift */; };
		D802463E2B2D89C700B2223C /* CreatePetAdvertViewController.swift in Sources */ = {isa = PBXBuildFile; fileRef = D802463D2B2D89C700B2223C /* CreatePetAdvertViewController.swift */; };
		D8071A9B2B80A33700BAECFE /* FirstStepCreateAdView.swift in Sources */ = {isa = PBXBuildFile; fileRef = D8071A9A2B80A33700BAECFE /* FirstStepCreateAdView.swift */; };
		D8071A9E2B80A79300BAECFE /* SelectTypePetView.swift in Sources */ = {isa = PBXBuildFile; fileRef = D8071A9D2B80A79300BAECFE /* SelectTypePetView.swift */; };
		D8071AA02B80A97500BAECFE /* DescriptionsFirstStepCreateAdView.swift in Sources */ = {isa = PBXBuildFile; fileRef = D8071A9F2B80A97500BAECFE /* DescriptionsFirstStepCreateAdView.swift */; };
		D8071AA22B80AAC700BAECFE /* TopViewFirstStepCreateAdView.swift in Sources */ = {isa = PBXBuildFile; fileRef = D8071AA12B80AAC700BAECFE /* TopViewFirstStepCreateAdView.swift */; };
		D8071AA42B80AD7F00BAECFE /* ChoiceColorFirstStepCreateAdView.swift in Sources */ = {isa = PBXBuildFile; fileRef = D8071AA32B80AD7F00BAECFE /* ChoiceColorFirstStepCreateAdView.swift */; };
		D81A44C62B3987A600DC0C49 /* NotificationsViewController.swift in Sources */ = {isa = PBXBuildFile; fileRef = D81A44C52B3987A600DC0C49 /* NotificationsViewController.swift */; };
		D81A44C82B398AC700DC0C49 /* NotificationTableView.swift in Sources */ = {isa = PBXBuildFile; fileRef = D81A44C72B398AC700DC0C49 /* NotificationTableView.swift */; };
		D81A44CA2B398B1400DC0C49 /* NotificationMode.swift in Sources */ = {isa = PBXBuildFile; fileRef = D81A44C92B398B1400DC0C49 /* NotificationMode.swift */; };
		D81A44CD2B398C9100DC0C49 /* NotificationTableViewCell.swift in Sources */ = {isa = PBXBuildFile; fileRef = D81A44CC2B398C9100DC0C49 /* NotificationTableViewCell.swift */; };
		D822CE5F2B7CB0B500C73C05 /* ChangeCountryView.swift in Sources */ = {isa = PBXBuildFile; fileRef = D822CE5E2B7CB0B500C73C05 /* ChangeCountryView.swift */; };
		D822CE622B7CBCC300C73C05 /* CountryManager.swift in Sources */ = {isa = PBXBuildFile; fileRef = D822CE612B7CBCC300C73C05 /* CountryManager.swift */; };
		D822CE672B7D441500C73C05 /* ChoiceFilterTypeAd.swift in Sources */ = {isa = PBXBuildFile; fileRef = D822CE662B7D441400C73C05 /* ChoiceFilterTypeAd.swift */; };
		D822CE692B7D59AE00C73C05 /* ColorCollection.swift in Sources */ = {isa = PBXBuildFile; fileRef = D822CE682B7D59AE00C73C05 /* ColorCollection.swift */; };
		D822CE6C2B7DF78000C73C05 /* FiltersView.swift in Sources */ = {isa = PBXBuildFile; fileRef = D822CE6B2B7DF78000C73C05 /* FiltersView.swift */; };
		D822CE6E2B7DFBC800C73C05 /* FiltersTopView.swift in Sources */ = {isa = PBXBuildFile; fileRef = D822CE6D2B7DFBC800C73C05 /* FiltersTopView.swift */; };
		D822CE712B7DFCDF00C73C05 /* FilterTypeAd.swift in Sources */ = {isa = PBXBuildFile; fileRef = D822CE702B7DFCDF00C73C05 /* FilterTypeAd.swift */; };
		D822CE732B7DFE1300C73C05 /* FilterSectionPlaceFinding.swift in Sources */ = {isa = PBXBuildFile; fileRef = D822CE722B7DFE1200C73C05 /* FilterSectionPlaceFinding.swift */; };
		D822CE752B7E00FC00C73C05 /* FiltersSectionAboutPet.swift in Sources */ = {isa = PBXBuildFile; fileRef = D822CE742B7E00FC00C73C05 /* FiltersSectionAboutPet.swift */; };
		D822CE782B7E040400C73C05 /* CustomTextFieldView.swift in Sources */ = {isa = PBXBuildFile; fileRef = D822CE772B7E040400C73C05 /* CustomTextFieldView.swift */; };
		D822CE7B2B7E05DA00C73C05 /* CustomDropDownButtonView.swift in Sources */ = {isa = PBXBuildFile; fileRef = D822CE7A2B7E05DA00C73C05 /* CustomDropDownButtonView.swift */; };
		D822CE7D2B7E087D00C73C05 /* FiltersAdditionallySectionView.swift in Sources */ = {isa = PBXBuildFile; fileRef = D822CE7C2B7E087D00C73C05 /* FiltersAdditionallySectionView.swift */; };
		D822CE7F2B7E0C8700C73C05 /* CustomOrangeButton.swift in Sources */ = {isa = PBXBuildFile; fileRef = D822CE7E2B7E0C8700C73C05 /* CustomOrangeButton.swift */; };
		D84297992ADC1E65006D6B06 /* Extansions.swift in Sources */ = {isa = PBXBuildFile; fileRef = D84297982ADC1E65006D6B06 /* Extansions.swift */; };
		D85BE3D62B51A9D400F8D1E8 /* SecondCreateViewController.swift in Sources */ = {isa = PBXBuildFile; fileRef = D85BE3D52B51A9D400F8D1E8 /* SecondCreateViewController.swift */; };
		D85BE3DA2B51B2C000F8D1E8 /* PhotoCollectionView.swift in Sources */ = {isa = PBXBuildFile; fileRef = D85BE3D92B51B2C000F8D1E8 /* PhotoCollectionView.swift */; };
		D85BE3DC2B51B30B00F8D1E8 /* PhotoCollectionViewCell.swift in Sources */ = {isa = PBXBuildFile; fileRef = D85BE3DB2B51B30B00F8D1E8 /* PhotoCollectionViewCell.swift */; };
		D85BE3E12B51D20000F8D1E8 /* ColorCollectionView.swift in Sources */ = {isa = PBXBuildFile; fileRef = D85BE3E02B51D20000F8D1E8 /* ColorCollectionView.swift */; };
		D85BE3E32B51D23D00F8D1E8 /* ColorCollectionViewCell.swift in Sources */ = {isa = PBXBuildFile; fileRef = D85BE3E22B51D23D00F8D1E8 /* ColorCollectionViewCell.swift */; };
		D85BE3E62B51F1A200F8D1E8 /* MedecineStatusView.swift in Sources */ = {isa = PBXBuildFile; fileRef = D85BE3E52B51F1A200F8D1E8 /* MedecineStatusView.swift */; };
		D85BE3EA2B52DBAD00F8D1E8 /* LocationPetViewController.swift in Sources */ = {isa = PBXBuildFile; fileRef = D85BE3E92B52DBAD00F8D1E8 /* LocationPetViewController.swift */; };
		D85BE3EE2B52E28E00F8D1E8 /* CustomLocationTextField.swift in Sources */ = {isa = PBXBuildFile; fileRef = D85BE3ED2B52E28E00F8D1E8 /* CustomLocationTextField.swift */; };
		D86DF0D62B6EDD0600A65826 /* ChoiceTypeAd.swift in Sources */ = {isa = PBXBuildFile; fileRef = D86DF0D52B6EDD0600A65826 /* ChoiceTypeAd.swift */; };
		D86EA8842ADBCAE900B8D961 /* Podfile in Resources */ = {isa = PBXBuildFile; fileRef = D86EA8832ADBCAE900B8D961 /* Podfile */; };
		D86EA8882ADBD10300B8D961 /* MainViewController.swift in Sources */ = {isa = PBXBuildFile; fileRef = D86EA8872ADBD10300B8D961 /* MainViewController.swift */; };
		D86EADA72AE043C900FB19B6 /* CustomTabBarControllerViewController.swift in Sources */ = {isa = PBXBuildFile; fileRef = D86EADA62AE043C900FB19B6 /* CustomTabBarControllerViewController.swift */; };
		D86EADAB2AE0475A00FB19B6 /* ProfileViewController.swift in Sources */ = {isa = PBXBuildFile; fileRef = D86EADAA2AE0475A00FB19B6 /* ProfileViewController.swift */; };
		D86EADAD2AE04D1700FB19B6 /* ColorExtansion.swift in Sources */ = {isa = PBXBuildFile; fileRef = D86EADAC2AE04D1700FB19B6 /* ColorExtansion.swift */; };
		D86EADAF2AE3B55E00FB19B6 /* AdsCollectionView.swift in Sources */ = {isa = PBXBuildFile; fileRef = D86EADAE2AE3B55E00FB19B6 /* AdsCollectionView.swift */; };
		D86EADB22AE3B59000FB19B6 /* LostPetCardModel.swift in Sources */ = {isa = PBXBuildFile; fileRef = D86EADB12AE3B59000FB19B6 /* LostPetCardModel.swift */; };
		D86EADB42AE3B69000FB19B6 /* AdsCollectionViewCell.swift in Sources */ = {isa = PBXBuildFile; fileRef = D86EADB32AE3B69000FB19B6 /* AdsCollectionViewCell.swift */; };
		D87D0DA52B2F53B400DC5476 /* CustomSengmentControl.swift in Sources */ = {isa = PBXBuildFile; fileRef = D87D0DA42B2F53B400DC5476 /* CustomSengmentControl.swift */; };
		D87D0DA82B2F57BD00DC5476 /* CustomDownButton.swift in Sources */ = {isa = PBXBuildFile; fileRef = D87D0DA72B2F57BD00DC5476 /* CustomDownButton.swift */; };
		D898EFAE2B6FFC1300D10EA0 /* SetupNewColorView.swift in Sources */ = {isa = PBXBuildFile; fileRef = D898EFAD2B6FFC1300D10EA0 /* SetupNewColorView.swift */; };
		D898EFCD2B77B48000D10EA0 /* AnimalCollectionView.swift in Sources */ = {isa = PBXBuildFile; fileRef = D898EFCC2B77B48000D10EA0 /* AnimalCollectionView.swift */; };
		D898EFD32B780E2D00D10EA0 /* SortView.swift in Sources */ = {isa = PBXBuildFile; fileRef = D898EFD22B780E2D00D10EA0 /* SortView.swift */; };
		D898EFD62B7825B700D10EA0 /* SexSegmentView.swift in Sources */ = {isa = PBXBuildFile; fileRef = D898EFD52B7825B700D10EA0 /* SexSegmentView.swift */; };
		D898EFDB2B78B84C00D10EA0 /* ProfileSwiftUIView.swift in Sources */ = {isa = PBXBuildFile; fileRef = D898EFDA2B78B84C00D10EA0 /* ProfileSwiftUIView.swift */; };
		D8A9E8162AEE3A9900E509EC /* CustomSearchTextField.swift in Sources */ = {isa = PBXBuildFile; fileRef = D8A9E8152AEE3A9900E509EC /* CustomSearchTextField.swift */; };
		D8B3BB2A2AF63534001259A2 /* AdViewController.swift in Sources */ = {isa = PBXBuildFile; fileRef = D8B3BB292AF63534001259A2 /* AdViewController.swift */; };
		D8B3BB2C2AF6494E001259A2 /* ImagesAdCollectionView.swift in Sources */ = {isa = PBXBuildFile; fileRef = D8B3BB2B2AF6494E001259A2 /* ImagesAdCollectionView.swift */; };
		D8B3BB2E2AF64989001259A2 /* ImageAdCollectionViewCell.swift in Sources */ = {isa = PBXBuildFile; fileRef = D8B3BB2D2AF64988001259A2 /* ImageAdCollectionViewCell.swift */; };
		D8B3BB302AFA8950001259A2 /* ServicesViewController.swift in Sources */ = {isa = PBXBuildFile; fileRef = D8B3BB2F2AFA8950001259A2 /* ServicesViewController.swift */; };
		D8B3BB322AFA974F001259A2 /* ServicesTableView.swift in Sources */ = {isa = PBXBuildFile; fileRef = D8B3BB312AFA974F001259A2 /* ServicesTableView.swift */; };
		D8B3BB342AFA97BF001259A2 /* ServicesTableViewCell.swift in Sources */ = {isa = PBXBuildFile; fileRef = D8B3BB332AFA97BF001259A2 /* ServicesTableViewCell.swift */; };
		D8B3BB362AFAA4DA001259A2 /* ListServicesCollectionView.swift in Sources */ = {isa = PBXBuildFile; fileRef = D8B3BB352AFAA4DA001259A2 /* ListServicesCollectionView.swift */; };
		D8B3BB382AFAA5D8001259A2 /* ListServicesCollectionViewCell.swift in Sources */ = {isa = PBXBuildFile; fileRef = D8B3BB372AFAA5D8001259A2 /* ListServicesCollectionViewCell.swift */; };
		D8DE97F72B35F9FE00D82318 /* MapView.swift in Sources */ = {isa = PBXBuildFile; fileRef = D8DE97F62B35F9FE00D82318 /* MapView.swift */; };
		D8DE97F92B37794600D82318 /* GeolocationViewController.swift in Sources */ = {isa = PBXBuildFile; fileRef = D8DE97F82B37794600D82318 /* GeolocationViewController.swift */; };
		D8DE97FB2B38131400D82318 /* ResponseViewController.swift in Sources */ = {isa = PBXBuildFile; fileRef = D8DE97FA2B38131400D82318 /* ResponseViewController.swift */; };
		D8DE97FD2B3821DF00D82318 /* StatusRespondViewController.swift in Sources */ = {isa = PBXBuildFile; fileRef = D8DE97FC2B3821DE00D82318 /* StatusRespondViewController.swift */; };
		D8F70E9D2AEC1E47006543F0 /* STTabbar.swift in Sources */ = {isa = PBXBuildFile; fileRef = D8F70E9C2AEC1E47006543F0 /* STTabbar.swift */; };
		E6F0B5A79917F100D937E0D1 /* Pods_PetFinder.framework in Frameworks */ = {isa = PBXBuildFile; fileRef = EE2ACC640625F2B1CC0E5B2C /* Pods_PetFinder.framework */; };
/* End PBXBuildFile section */

/* Begin PBXFileReference section */
		025CB2882B3837A200AEDAC0 /* RegisterViewController.swift */ = {isa = PBXFileReference; fileEncoding = 4; lastKnownFileType = sourcecode.swift; path = RegisterViewController.swift; sourceTree = "<group>"; };
		025CB28E2B3837A200AEDAC0 /* AuthViewController.swift */ = {isa = PBXFileReference; fileEncoding = 4; lastKnownFileType = sourcecode.swift; path = AuthViewController.swift; sourceTree = "<group>"; };
		315C23E2AA7CC7CA463BE81C /* Pods-PetFinder.release.xcconfig */ = {isa = PBXFileReference; includeInIndex = 1; lastKnownFileType = text.xcconfig; name = "Pods-PetFinder.release.xcconfig"; path = "Target Support Files/Pods-PetFinder/Pods-PetFinder.release.xcconfig"; sourceTree = "<group>"; };
		5801E2092B736A2700DF23FB /* ButtonExtension.swift */ = {isa = PBXFileReference; lastKnownFileType = sourcecode.swift; path = ButtonExtension.swift; sourceTree = "<group>"; };
		5801E20B2B736AE600DF23FB /* ButtonTableViewCell.swift */ = {isa = PBXFileReference; lastKnownFileType = sourcecode.swift; path = ButtonTableViewCell.swift; sourceTree = "<group>"; };
		5863ABE62B6FF27100DABA20 /* Assets.xcassets */ = {isa = PBXFileReference; lastKnownFileType = folder.assetcatalog; path = Assets.xcassets; sourceTree = "<group>"; };
		5863ABE92B6FF2BE00DABA20 /* SF-Pro-Text-HeavyItalic.otf */ = {isa = PBXFileReference; lastKnownFileType = file; path = "SF-Pro-Text-HeavyItalic.otf"; sourceTree = "<group>"; };
		5863ABEA2B6FF2BE00DABA20 /* SF-Pro-Text-Semibold.otf */ = {isa = PBXFileReference; lastKnownFileType = file; path = "SF-Pro-Text-Semibold.otf"; sourceTree = "<group>"; };
		5863ABEB2B6FF2BE00DABA20 /* SF-Pro-Text-LightItalic.otf */ = {isa = PBXFileReference; lastKnownFileType = file; path = "SF-Pro-Text-LightItalic.otf"; sourceTree = "<group>"; };
		5863ABEC2B6FF2BE00DABA20 /* SF-Pro-Text-Bold.otf */ = {isa = PBXFileReference; lastKnownFileType = file; path = "SF-Pro-Text-Bold.otf"; sourceTree = "<group>"; };
		5863ABED2B6FF2BE00DABA20 /* SF-Pro-Text-Medium.otf */ = {isa = PBXFileReference; lastKnownFileType = file; path = "SF-Pro-Text-Medium.otf"; sourceTree = "<group>"; };
		5863ABEE2B6FF2BE00DABA20 /* SF-Pro-Text-Regular.otf */ = {isa = PBXFileReference; lastKnownFileType = file; path = "SF-Pro-Text-Regular.otf"; sourceTree = "<group>"; };
		5863ABEF2B6FF2BE00DABA20 /* SF-Pro-Text-MediumItalic.otf */ = {isa = PBXFileReference; lastKnownFileType = file; path = "SF-Pro-Text-MediumItalic.otf"; sourceTree = "<group>"; };
		5863ABF02B6FF2BF00DABA20 /* SF-Pro-Text-Heavy.otf */ = {isa = PBXFileReference; lastKnownFileType = file; path = "SF-Pro-Text-Heavy.otf"; sourceTree = "<group>"; };
		5863ABF12B6FF2BF00DABA20 /* SF-Pro-Text-SemiboldItalic.otf */ = {isa = PBXFileReference; lastKnownFileType = file; path = "SF-Pro-Text-SemiboldItalic.otf"; sourceTree = "<group>"; };
		5863ABF22B6FF2BF00DABA20 /* SF-Pro-Text-BoldItalic.otf */ = {isa = PBXFileReference; lastKnownFileType = file; path = "SF-Pro-Text-BoldItalic.otf"; sourceTree = "<group>"; };
		5863ABF32B6FF2BF00DABA20 /* SF-Pro-Text-RegularItalic.otf */ = {isa = PBXFileReference; lastKnownFileType = file; path = "SF-Pro-Text-RegularItalic.otf"; sourceTree = "<group>"; };
		5863ABF42B6FF2BF00DABA20 /* SF-Pro-Text-Light.otf */ = {isa = PBXFileReference; lastKnownFileType = file; path = "SF-Pro-Text-Light.otf"; sourceTree = "<group>"; };
		5873E39C2ADB190200F51501 /* PetFinder.app */ = {isa = PBXFileReference; explicitFileType = wrapper.application; includeInIndex = 0; path = PetFinder.app; sourceTree = BUILT_PRODUCTS_DIR; };
		5873E39F2ADB190200F51501 /* AppDelegate.swift */ = {isa = PBXFileReference; lastKnownFileType = sourcecode.swift; path = AppDelegate.swift; sourceTree = "<group>"; };
		5873E3A12ADB190200F51501 /* SceneDelegate.swift */ = {isa = PBXFileReference; lastKnownFileType = sourcecode.swift; path = SceneDelegate.swift; sourceTree = "<group>"; };
		5873E3AB2ADB190600F51501 /* Base */ = {isa = PBXFileReference; lastKnownFileType = file.storyboard; name = Base; path = Base.lproj/LaunchScreen.storyboard; sourceTree = "<group>"; };
		5873E3AD2ADB190600F51501 /* Info.plist */ = {isa = PBXFileReference; lastKnownFileType = text.plist.xml; path = Info.plist; sourceTree = "<group>"; };
		5873E3D72ADEEA7B00F51501 /* FontExtansion.swift */ = {isa = PBXFileReference; lastKnownFileType = sourcecode.swift; path = FontExtansion.swift; sourceTree = "<group>"; };
		587DA34E2B7383FF0001DE45 /* OnboardingViewController.swift */ = {isa = PBXFileReference; lastKnownFileType = sourcecode.swift; path = OnboardingViewController.swift; sourceTree = "<group>"; };
		587DA3542B73DB1F0001DE45 /* DoublePasswordTableViewCell.swift */ = {isa = PBXFileReference; lastKnownFileType = sourcecode.swift; path = DoublePasswordTableViewCell.swift; sourceTree = "<group>"; };
		58D4EBEF2B721C0D00F79810 /* ForgotPasswordViewController.swift */ = {isa = PBXFileReference; lastKnownFileType = sourcecode.swift; path = ForgotPasswordViewController.swift; sourceTree = "<group>"; };
		58D4EBF12B72351F00F79810 /* LabelExtension.swift */ = {isa = PBXFileReference; lastKnownFileType = sourcecode.swift; path = LabelExtension.swift; sourceTree = "<group>"; };
		58D4EBF52B72380200F79810 /* TextFieldExtension.swift */ = {isa = PBXFileReference; lastKnownFileType = sourcecode.swift; path = TextFieldExtension.swift; sourceTree = "<group>"; };
		58D4EBF72B7256AF00F79810 /* RegisterTableViewCell.swift */ = {isa = PBXFileReference; lastKnownFileType = sourcecode.swift; path = RegisterTableViewCell.swift; sourceTree = "<group>"; };
		58D4EBFA2B72604500F79810 /* CountryTableViewCell.swift */ = {isa = PBXFileReference; lastKnownFileType = sourcecode.swift; path = CountryTableViewCell.swift; sourceTree = "<group>"; };
		58E02B902B6FF4E700058D21 /* AssetConstants.generated.swift */ = {isa = PBXFileReference; fileEncoding = 4; lastKnownFileType = sourcecode.swift; path = AssetConstants.generated.swift; sourceTree = "<group>"; };
		58E02B912B6FF4E700058D21 /* Fonts.generated.swift */ = {isa = PBXFileReference; fileEncoding = 4; lastKnownFileType = sourcecode.swift; path = Fonts.generated.swift; sourceTree = "<group>"; };
		58EDA3452B387A9A00F1D716 /* swiftgen.yml */ = {isa = PBXFileReference; lastKnownFileType = text.yaml; path = swiftgen.yml; sourceTree = "<group>"; };
		BF7A263FFCB875A6E2D63AA6 /* Pods-PetFinder.debug.xcconfig */ = {isa = PBXFileReference; includeInIndex = 1; lastKnownFileType = text.xcconfig; name = "Pods-PetFinder.debug.xcconfig"; path = "Target Support Files/Pods-PetFinder/Pods-PetFinder.debug.xcconfig"; sourceTree = "<group>"; };
		D802463D2B2D89C700B2223C /* CreatePetAdvertViewController.swift */ = {isa = PBXFileReference; lastKnownFileType = sourcecode.swift; path = CreatePetAdvertViewController.swift; sourceTree = "<group>"; };
		D8071A9A2B80A33700BAECFE /* FirstStepCreateAdView.swift */ = {isa = PBXFileReference; lastKnownFileType = sourcecode.swift; path = FirstStepCreateAdView.swift; sourceTree = "<group>"; };
		D8071A9D2B80A79300BAECFE /* SelectTypePetView.swift */ = {isa = PBXFileReference; lastKnownFileType = sourcecode.swift; path = SelectTypePetView.swift; sourceTree = "<group>"; };
		D8071A9F2B80A97500BAECFE /* DescriptionsFirstStepCreateAdView.swift */ = {isa = PBXFileReference; lastKnownFileType = sourcecode.swift; path = DescriptionsFirstStepCreateAdView.swift; sourceTree = "<group>"; };
		D8071AA12B80AAC700BAECFE /* TopViewFirstStepCreateAdView.swift */ = {isa = PBXFileReference; lastKnownFileType = sourcecode.swift; path = TopViewFirstStepCreateAdView.swift; sourceTree = "<group>"; };
		D8071AA32B80AD7F00BAECFE /* ChoiceColorFirstStepCreateAdView.swift */ = {isa = PBXFileReference; lastKnownFileType = sourcecode.swift; path = ChoiceColorFirstStepCreateAdView.swift; sourceTree = "<group>"; };
		D81A44C52B3987A600DC0C49 /* NotificationsViewController.swift */ = {isa = PBXFileReference; lastKnownFileType = sourcecode.swift; path = NotificationsViewController.swift; sourceTree = "<group>"; };
		D81A44C72B398AC700DC0C49 /* NotificationTableView.swift */ = {isa = PBXFileReference; lastKnownFileType = sourcecode.swift; path = NotificationTableView.swift; sourceTree = "<group>"; };
		D81A44C92B398B1400DC0C49 /* NotificationMode.swift */ = {isa = PBXFileReference; lastKnownFileType = sourcecode.swift; path = NotificationMode.swift; sourceTree = "<group>"; };
		D81A44CC2B398C9100DC0C49 /* NotificationTableViewCell.swift */ = {isa = PBXFileReference; lastKnownFileType = sourcecode.swift; path = NotificationTableViewCell.swift; sourceTree = "<group>"; };
		D822CE5E2B7CB0B500C73C05 /* ChangeCountryView.swift */ = {isa = PBXFileReference; lastKnownFileType = sourcecode.swift; path = ChangeCountryView.swift; sourceTree = "<group>"; };
		D822CE612B7CBCC300C73C05 /* CountryManager.swift */ = {isa = PBXFileReference; lastKnownFileType = sourcecode.swift; path = CountryManager.swift; sourceTree = "<group>"; };
		D822CE662B7D441400C73C05 /* ChoiceFilterTypeAd.swift */ = {isa = PBXFileReference; lastKnownFileType = sourcecode.swift; path = ChoiceFilterTypeAd.swift; sourceTree = "<group>"; };
		D822CE682B7D59AE00C73C05 /* ColorCollection.swift */ = {isa = PBXFileReference; lastKnownFileType = sourcecode.swift; path = ColorCollection.swift; sourceTree = "<group>"; };
		D822CE6B2B7DF78000C73C05 /* FiltersView.swift */ = {isa = PBXFileReference; lastKnownFileType = sourcecode.swift; path = FiltersView.swift; sourceTree = "<group>"; };
		D822CE6D2B7DFBC800C73C05 /* FiltersTopView.swift */ = {isa = PBXFileReference; lastKnownFileType = sourcecode.swift; path = FiltersTopView.swift; sourceTree = "<group>"; };
		D822CE702B7DFCDF00C73C05 /* FilterTypeAd.swift */ = {isa = PBXFileReference; lastKnownFileType = sourcecode.swift; path = FilterTypeAd.swift; sourceTree = "<group>"; };
		D822CE722B7DFE1200C73C05 /* FilterSectionPlaceFinding.swift */ = {isa = PBXFileReference; lastKnownFileType = sourcecode.swift; path = FilterSectionPlaceFinding.swift; sourceTree = "<group>"; };
		D822CE742B7E00FC00C73C05 /* FiltersSectionAboutPet.swift */ = {isa = PBXFileReference; lastKnownFileType = sourcecode.swift; path = FiltersSectionAboutPet.swift; sourceTree = "<group>"; };
		D822CE772B7E040400C73C05 /* CustomTextFieldView.swift */ = {isa = PBXFileReference; lastKnownFileType = sourcecode.swift; path = CustomTextFieldView.swift; sourceTree = "<group>"; };
		D822CE7A2B7E05DA00C73C05 /* CustomDropDownButtonView.swift */ = {isa = PBXFileReference; lastKnownFileType = sourcecode.swift; path = CustomDropDownButtonView.swift; sourceTree = "<group>"; };
		D822CE7C2B7E087D00C73C05 /* FiltersAdditionallySectionView.swift */ = {isa = PBXFileReference; lastKnownFileType = sourcecode.swift; path = FiltersAdditionallySectionView.swift; sourceTree = "<group>"; };
		D822CE7E2B7E0C8700C73C05 /* CustomOrangeButton.swift */ = {isa = PBXFileReference; lastKnownFileType = sourcecode.swift; path = CustomOrangeButton.swift; sourceTree = "<group>"; };
		D84297982ADC1E65006D6B06 /* Extansions.swift */ = {isa = PBXFileReference; lastKnownFileType = sourcecode.swift; path = Extansions.swift; sourceTree = "<group>"; };
		D85BE3D52B51A9D400F8D1E8 /* SecondCreateViewController.swift */ = {isa = PBXFileReference; lastKnownFileType = sourcecode.swift; path = SecondCreateViewController.swift; sourceTree = "<group>"; };
		D85BE3D92B51B2C000F8D1E8 /* PhotoCollectionView.swift */ = {isa = PBXFileReference; lastKnownFileType = sourcecode.swift; path = PhotoCollectionView.swift; sourceTree = "<group>"; };
		D85BE3DB2B51B30B00F8D1E8 /* PhotoCollectionViewCell.swift */ = {isa = PBXFileReference; lastKnownFileType = sourcecode.swift; path = PhotoCollectionViewCell.swift; sourceTree = "<group>"; };
		D85BE3E02B51D20000F8D1E8 /* ColorCollectionView.swift */ = {isa = PBXFileReference; lastKnownFileType = sourcecode.swift; path = ColorCollectionView.swift; sourceTree = "<group>"; };
		D85BE3E22B51D23D00F8D1E8 /* ColorCollectionViewCell.swift */ = {isa = PBXFileReference; lastKnownFileType = sourcecode.swift; path = ColorCollectionViewCell.swift; sourceTree = "<group>"; };
		D85BE3E52B51F1A200F8D1E8 /* MedecineStatusView.swift */ = {isa = PBXFileReference; lastKnownFileType = sourcecode.swift; path = MedecineStatusView.swift; sourceTree = "<group>"; };
		D85BE3E92B52DBAD00F8D1E8 /* LocationPetViewController.swift */ = {isa = PBXFileReference; lastKnownFileType = sourcecode.swift; path = LocationPetViewController.swift; sourceTree = "<group>"; };
		D85BE3ED2B52E28E00F8D1E8 /* CustomLocationTextField.swift */ = {isa = PBXFileReference; lastKnownFileType = sourcecode.swift; path = CustomLocationTextField.swift; sourceTree = "<group>"; };
		D86DF0D52B6EDD0600A65826 /* ChoiceTypeAd.swift */ = {isa = PBXFileReference; fileEncoding = 4; lastKnownFileType = sourcecode.swift; path = ChoiceTypeAd.swift; sourceTree = "<group>"; };
		D86EA8832ADBCAE900B8D961 /* Podfile */ = {isa = PBXFileReference; lastKnownFileType = text; path = Podfile; sourceTree = "<group>"; xcLanguageSpecificationIdentifier = xcode.lang.ruby; };
		D86EA8872ADBD10300B8D961 /* MainViewController.swift */ = {isa = PBXFileReference; lastKnownFileType = sourcecode.swift; path = MainViewController.swift; sourceTree = "<group>"; };
		D86EADA62AE043C900FB19B6 /* CustomTabBarControllerViewController.swift */ = {isa = PBXFileReference; lastKnownFileType = sourcecode.swift; path = CustomTabBarControllerViewController.swift; sourceTree = "<group>"; };
		D86EADAA2AE0475A00FB19B6 /* ProfileViewController.swift */ = {isa = PBXFileReference; lastKnownFileType = sourcecode.swift; path = ProfileViewController.swift; sourceTree = "<group>"; };
		D86EADAC2AE04D1700FB19B6 /* ColorExtansion.swift */ = {isa = PBXFileReference; lastKnownFileType = sourcecode.swift; path = ColorExtansion.swift; sourceTree = "<group>"; };
		D86EADAE2AE3B55E00FB19B6 /* AdsCollectionView.swift */ = {isa = PBXFileReference; lastKnownFileType = sourcecode.swift; path = AdsCollectionView.swift; sourceTree = "<group>"; };
		D86EADB12AE3B59000FB19B6 /* LostPetCardModel.swift */ = {isa = PBXFileReference; lastKnownFileType = sourcecode.swift; path = LostPetCardModel.swift; sourceTree = "<group>"; };
		D86EADB32AE3B69000FB19B6 /* AdsCollectionViewCell.swift */ = {isa = PBXFileReference; lastKnownFileType = sourcecode.swift; path = AdsCollectionViewCell.swift; sourceTree = "<group>"; };
		D87D0DA42B2F53B400DC5476 /* CustomSengmentControl.swift */ = {isa = PBXFileReference; lastKnownFileType = sourcecode.swift; path = CustomSengmentControl.swift; sourceTree = "<group>"; };
		D87D0DA72B2F57BD00DC5476 /* CustomDownButton.swift */ = {isa = PBXFileReference; lastKnownFileType = sourcecode.swift; path = CustomDownButton.swift; sourceTree = "<group>"; };
		D898EFAD2B6FFC1300D10EA0 /* SetupNewColorView.swift */ = {isa = PBXFileReference; fileEncoding = 4; lastKnownFileType = sourcecode.swift; path = SetupNewColorView.swift; sourceTree = "<group>"; };
		D898EFCC2B77B48000D10EA0 /* AnimalCollectionView.swift */ = {isa = PBXFileReference; lastKnownFileType = sourcecode.swift; path = AnimalCollectionView.swift; sourceTree = "<group>"; };
		D898EFD22B780E2D00D10EA0 /* SortView.swift */ = {isa = PBXFileReference; lastKnownFileType = sourcecode.swift; path = SortView.swift; sourceTree = "<group>"; };
		D898EFD52B7825B700D10EA0 /* SexSegmentView.swift */ = {isa = PBXFileReference; lastKnownFileType = sourcecode.swift; path = SexSegmentView.swift; sourceTree = "<group>"; };
		D898EFDA2B78B84C00D10EA0 /* ProfileSwiftUIView.swift */ = {isa = PBXFileReference; lastKnownFileType = sourcecode.swift; path = ProfileSwiftUIView.swift; sourceTree = "<group>"; };
		D8A9E8152AEE3A9900E509EC /* CustomSearchTextField.swift */ = {isa = PBXFileReference; lastKnownFileType = sourcecode.swift; path = CustomSearchTextField.swift; sourceTree = "<group>"; };
		D8B3BB292AF63534001259A2 /* AdViewController.swift */ = {isa = PBXFileReference; lastKnownFileType = sourcecode.swift; path = AdViewController.swift; sourceTree = "<group>"; };
		D8B3BB2B2AF6494E001259A2 /* ImagesAdCollectionView.swift */ = {isa = PBXFileReference; lastKnownFileType = sourcecode.swift; path = ImagesAdCollectionView.swift; sourceTree = "<group>"; };
		D8B3BB2D2AF64988001259A2 /* ImageAdCollectionViewCell.swift */ = {isa = PBXFileReference; lastKnownFileType = sourcecode.swift; path = ImageAdCollectionViewCell.swift; sourceTree = "<group>"; };
		D8B3BB2F2AFA8950001259A2 /* ServicesViewController.swift */ = {isa = PBXFileReference; lastKnownFileType = sourcecode.swift; path = ServicesViewController.swift; sourceTree = "<group>"; };
		D8B3BB312AFA974F001259A2 /* ServicesTableView.swift */ = {isa = PBXFileReference; lastKnownFileType = sourcecode.swift; path = ServicesTableView.swift; sourceTree = "<group>"; };
		D8B3BB332AFA97BF001259A2 /* ServicesTableViewCell.swift */ = {isa = PBXFileReference; lastKnownFileType = sourcecode.swift; path = ServicesTableViewCell.swift; sourceTree = "<group>"; };
		D8B3BB352AFAA4DA001259A2 /* ListServicesCollectionView.swift */ = {isa = PBXFileReference; lastKnownFileType = sourcecode.swift; path = ListServicesCollectionView.swift; sourceTree = "<group>"; };
		D8B3BB372AFAA5D8001259A2 /* ListServicesCollectionViewCell.swift */ = {isa = PBXFileReference; lastKnownFileType = sourcecode.swift; path = ListServicesCollectionViewCell.swift; sourceTree = "<group>"; };
		D8DE97F62B35F9FE00D82318 /* MapView.swift */ = {isa = PBXFileReference; lastKnownFileType = sourcecode.swift; path = MapView.swift; sourceTree = "<group>"; };
		D8DE97F82B37794600D82318 /* GeolocationViewController.swift */ = {isa = PBXFileReference; lastKnownFileType = sourcecode.swift; path = GeolocationViewController.swift; sourceTree = "<group>"; };
		D8DE97FA2B38131400D82318 /* ResponseViewController.swift */ = {isa = PBXFileReference; lastKnownFileType = sourcecode.swift; path = ResponseViewController.swift; sourceTree = "<group>"; };
		D8DE97FC2B3821DE00D82318 /* StatusRespondViewController.swift */ = {isa = PBXFileReference; lastKnownFileType = sourcecode.swift; path = StatusRespondViewController.swift; sourceTree = "<group>"; };
		D8F70E9C2AEC1E47006543F0 /* STTabbar.swift */ = {isa = PBXFileReference; lastKnownFileType = sourcecode.swift; path = STTabbar.swift; sourceTree = "<group>"; };
		EE2ACC640625F2B1CC0E5B2C /* Pods_PetFinder.framework */ = {isa = PBXFileReference; explicitFileType = wrapper.framework; includeInIndex = 0; path = Pods_PetFinder.framework; sourceTree = BUILT_PRODUCTS_DIR; };
/* End PBXFileReference section */

/* Begin PBXFrameworksBuildPhase section */
		5873E3992ADB190200F51501 /* Frameworks */ = {
			isa = PBXFrameworksBuildPhase;
			buildActionMask = 2147483647;
			files = (
				E6F0B5A79917F100D937E0D1 /* Pods_PetFinder.framework in Frameworks */,
			);
			runOnlyForDeploymentPostprocessing = 0;
		};
/* End PBXFrameworksBuildPhase section */

/* Begin PBXGroup section */
		0DC8EADCD5D8121BCC52759C /* Pods */ = {
			isa = PBXGroup;
			children = (
				BF7A263FFCB875A6E2D63AA6 /* Pods-PetFinder.debug.xcconfig */,
				315C23E2AA7CC7CA463BE81C /* Pods-PetFinder.release.xcconfig */,
			);
			path = Pods;
			sourceTree = "<group>";
		};
		1BBF51D90D95AEB88A31C386 /* Frameworks */ = {
			isa = PBXGroup;
			children = (
				EE2ACC640625F2B1CC0E5B2C /* Pods_PetFinder.framework */,
			);
			name = Frameworks;
			sourceTree = "<group>";
		};
		5801E20D2B7380DA00DF23FB /* Modules */ = {
			isa = PBXGroup;
			children = (
				D898EFC82B76C0DE00D10EA0 /* Geolocation */,
				D898EFC62B76C0A600D10EA0 /* StatusRespond */,
				D898EFC52B76C07800D10EA0 /* Notification */,
				D898EFC22B76BFDB00D10EA0 /* CreateAd */,
				D898EFC12B76BFCB00D10EA0 /* AdViewController */,
				D898EFC02B76BF9500D10EA0 /* Profile */,
				D898EFBD2B76BEFD00D10EA0 /* Services */,
				D898EFBB2B76BEB000D10EA0 /* CustomTabBar */,
				D898EFB42B76BD8300D10EA0 /* MainVC */,
				587DA3402B7381A50001DE45 /* Authorization */,
				587DA33F2B73819B0001DE45 /* Onboarding */,
			);
			path = Modules;
			sourceTree = "<group>";
		};
		5863ABE32B6FF1F200DABA20 /* UIKit */ = {
			isa = PBXGroup;
			children = (
				5863ABE52B6FF23600DABA20 /* Resources */,
				5863ABE42B6FF21C00DABA20 /* Generated */,
			);
			path = UIKit;
			sourceTree = "<group>";
		};
		5863ABE42B6FF21C00DABA20 /* Generated */ = {
			isa = PBXGroup;
			children = (
				58E02B902B6FF4E700058D21 /* AssetConstants.generated.swift */,
				58E02B912B6FF4E700058D21 /* Fonts.generated.swift */,
			);
			path = Generated;
			sourceTree = "<group>";
		};
		5863ABE52B6FF23600DABA20 /* Resources */ = {
			isa = PBXGroup;
			children = (
				5863ABE82B6FF29500DABA20 /* Fonts */,
				5863ABE62B6FF27100DABA20 /* Assets.xcassets */,
			);
			path = Resources;
			sourceTree = "<group>";
		};
		5863ABE82B6FF29500DABA20 /* Fonts */ = {
			isa = PBXGroup;
			children = (
				5863ABEC2B6FF2BE00DABA20 /* SF-Pro-Text-Bold.otf */,
				5863ABF22B6FF2BF00DABA20 /* SF-Pro-Text-BoldItalic.otf */,
				5863ABF02B6FF2BF00DABA20 /* SF-Pro-Text-Heavy.otf */,
				5863ABE92B6FF2BE00DABA20 /* SF-Pro-Text-HeavyItalic.otf */,
				5863ABF42B6FF2BF00DABA20 /* SF-Pro-Text-Light.otf */,
				5863ABEB2B6FF2BE00DABA20 /* SF-Pro-Text-LightItalic.otf */,
				5863ABED2B6FF2BE00DABA20 /* SF-Pro-Text-Medium.otf */,
				5863ABEF2B6FF2BE00DABA20 /* SF-Pro-Text-MediumItalic.otf */,
				5863ABEE2B6FF2BE00DABA20 /* SF-Pro-Text-Regular.otf */,
				5863ABF32B6FF2BF00DABA20 /* SF-Pro-Text-RegularItalic.otf */,
				5863ABEA2B6FF2BE00DABA20 /* SF-Pro-Text-Semibold.otf */,
				5863ABF12B6FF2BF00DABA20 /* SF-Pro-Text-SemiboldItalic.otf */,
			);
			path = Fonts;
			sourceTree = "<group>";
		};
		5873E3932ADB190200F51501 = {
			isa = PBXGroup;
			children = (
				58EDA3442B387A8300F1D716 /* Core */,
				D86EA8832ADBCAE900B8D961 /* Podfile */,
				5873E39E2ADB190200F51501 /* PetFinder */,
				5873E39D2ADB190200F51501 /* Products */,
				0DC8EADCD5D8121BCC52759C /* Pods */,
				1BBF51D90D95AEB88A31C386 /* Frameworks */,
			);
			sourceTree = "<group>";
		};
		5873E39D2ADB190200F51501 /* Products */ = {
			isa = PBXGroup;
			children = (
				5873E39C2ADB190200F51501 /* PetFinder.app */,
			);
			name = Products;
			sourceTree = "<group>";
		};
		5873E39E2ADB190200F51501 /* PetFinder */ = {
			isa = PBXGroup;
			children = (
				D822CE602B7CBCA900C73C05 /* Manager */,
				5801E20D2B7380DA00DF23FB /* Modules */,
				D86EADB02AE3B57B00FB19B6 /* Model */,
				D84297972ADC1E4F006D6B06 /* Help */,
				D86EA8852ADBD09400B8D961 /* View */,
				D86EA8822ADBCA8E00B8D961 /* Delegate */,
				5873E3AA2ADB190600F51501 /* LaunchScreen.storyboard */,
				5873E3AD2ADB190600F51501 /* Info.plist */,
			);
			path = PetFinder;
			sourceTree = "<group>";
		};
		587DA33F2B73819B0001DE45 /* Onboarding */ = {
			isa = PBXGroup;
			children = (
				587DA34E2B7383FF0001DE45 /* OnboardingViewController.swift */,
			);
			path = Onboarding;
			sourceTree = "<group>";
		};
		587DA3402B7381A50001DE45 /* Authorization */ = {
			isa = PBXGroup;
			children = (
				587DA3432B7382660001DE45 /* Auth */,
				587DA3422B73823D0001DE45 /* ForgotPassword */,
				587DA3412B7382090001DE45 /* SignUp */,
			);
			path = Authorization;
			sourceTree = "<group>";
		};
		587DA3412B7382090001DE45 /* SignUp */ = {
			isa = PBXGroup;
			children = (
				587DA3522B7389040001DE45 /* View */,
				587DA3512B7388F50001DE45 /* ViewController */,
			);
			path = SignUp;
			sourceTree = "<group>";
		};
		587DA3422B73823D0001DE45 /* ForgotPassword */ = {
			isa = PBXGroup;
			children = (
				587DA3502B7388D30001DE45 /* ViewController */,
			);
			path = ForgotPassword;
			sourceTree = "<group>";
		};
		587DA3432B7382660001DE45 /* Auth */ = {
			isa = PBXGroup;
			children = (
				587DA3532B73893E0001DE45 /* ViewController */,
			);
			path = Auth;
			sourceTree = "<group>";
		};
		587DA3502B7388D30001DE45 /* ViewController */ = {
			isa = PBXGroup;
			children = (
				58D4EBEF2B721C0D00F79810 /* ForgotPasswordViewController.swift */,
			);
			path = ViewController;
			sourceTree = "<group>";
		};
		587DA3512B7388F50001DE45 /* ViewController */ = {
			isa = PBXGroup;
			children = (
				025CB2882B3837A200AEDAC0 /* RegisterViewController.swift */,
			);
			path = ViewController;
			sourceTree = "<group>";
		};
		587DA3522B7389040001DE45 /* View */ = {
			isa = PBXGroup;
			children = (
				58D4EBF72B7256AF00F79810 /* RegisterTableViewCell.swift */,
				58D4EBFA2B72604500F79810 /* CountryTableViewCell.swift */,
				5801E20B2B736AE600DF23FB /* ButtonTableViewCell.swift */,
				587DA3542B73DB1F0001DE45 /* DoublePasswordTableViewCell.swift */,
			);
			path = View;
			sourceTree = "<group>";
		};
		587DA3532B73893E0001DE45 /* ViewController */ = {
			isa = PBXGroup;
			children = (
				025CB28E2B3837A200AEDAC0 /* AuthViewController.swift */,
			);
			path = ViewController;
			sourceTree = "<group>";
		};
		58EDA3442B387A8300F1D716 /* Core */ = {
			isa = PBXGroup;
			children = (
				5863ABE32B6FF1F200DABA20 /* UIKit */,
				58EDA3452B387A9A00F1D716 /* swiftgen.yml */,
			);
			path = Core;
			sourceTree = "<group>";
		};
		D802463C2B2D893400B2223C /* CreateLostPetAdvert */ = {
			isa = PBXGroup;
			children = (
				D87D0DA62B2F57A000DC5476 /* CustomDownButton */,
				D87D0DA32B2F539500DC5476 /* CustomSegmentControll */,
				D802463D2B2D89C700B2223C /* CreatePetAdvertViewController.swift */,
			);
			path = CreateLostPetAdvert;
			sourceTree = "<group>";
		};
		D8071A9C2B80A77000BAECFE /* FirstStepCreateAdView */ = {
			isa = PBXGroup;
			children = (
				D8071A9A2B80A33700BAECFE /* FirstStepCreateAdView.swift */,
				D8071A9D2B80A79300BAECFE /* SelectTypePetView.swift */,
				D8071A9F2B80A97500BAECFE /* DescriptionsFirstStepCreateAdView.swift */,
				D8071AA12B80AAC700BAECFE /* TopViewFirstStepCreateAdView.swift */,
				D8071AA32B80AD7F00BAECFE /* ChoiceColorFirstStepCreateAdView.swift */,
			);
			path = FirstStepCreateAdView;
			sourceTree = "<group>";
		};
		D822CE5C2B7CAEF600C73C05 /* changeCountryView */ = {
			isa = PBXGroup;
			children = (
				D822CE5E2B7CB0B500C73C05 /* ChangeCountryView.swift */,
			);
			path = changeCountryView;
			sourceTree = "<group>";
		};
		D822CE602B7CBCA900C73C05 /* Manager */ = {
			isa = PBXGroup;
			children = (
				D822CE612B7CBCC300C73C05 /* CountryManager.swift */,
			);
			path = Manager;
			sourceTree = "<group>";
		};
		D822CE632B7D42AE00C73C05 /* ChoiceTypeAd */ = {
			isa = PBXGroup;
			children = (
				D822CE662B7D441400C73C05 /* ChoiceFilterTypeAd.swift */,
			);
			path = ChoiceTypeAd;
			sourceTree = "<group>";
		};
		D822CE6A2B7DF76C00C73C05 /* FiltersView */ = {
			isa = PBXGroup;
			children = (
				D822CE6B2B7DF78000C73C05 /* FiltersView.swift */,
				D822CE6D2B7DFBC800C73C05 /* FiltersTopView.swift */,
				D822CE702B7DFCDF00C73C05 /* FilterTypeAd.swift */,
				D822CE722B7DFE1200C73C05 /* FilterSectionPlaceFinding.swift */,
				D822CE742B7E00FC00C73C05 /* FiltersSectionAboutPet.swift */,
				D822CE7C2B7E087D00C73C05 /* FiltersAdditionallySectionView.swift */,
			);
			path = FiltersView;
			sourceTree = "<group>";
		};
		D822CE762B7E03DD00C73C05 /* CustomTextField */ = {
			isa = PBXGroup;
			children = (
				D822CE772B7E040400C73C05 /* CustomTextFieldView.swift */,
			);
			path = CustomTextField;
			sourceTree = "<group>";
		};
		D822CE792B7E05C100C73C05 /* CustomDropDownButtonView */ = {
			isa = PBXGroup;
			children = (
				D822CE7A2B7E05DA00C73C05 /* CustomDropDownButtonView.swift */,
			);
			path = CustomDropDownButtonView;
			sourceTree = "<group>";
		};
		D84297972ADC1E4F006D6B06 /* Help */ = {
			isa = PBXGroup;
			children = (
				D84297982ADC1E65006D6B06 /* Extansions.swift */,
				5873E3D72ADEEA7B00F51501 /* FontExtansion.swift */,
				D86EADAC2AE04D1700FB19B6 /* ColorExtansion.swift */,
				58D4EBF12B72351F00F79810 /* LabelExtension.swift */,
				58D4EBF52B72380200F79810 /* TextFieldExtension.swift */,
				5801E2092B736A2700DF23FB /* ButtonExtension.swift */,
			);
			path = Help;
			sourceTree = "<group>";
		};
		D85BE3D42B51A9AB00F8D1E8 /* SecondCreateViewController */ = {
			isa = PBXGroup;
			children = (
				D85BE3E42B51F18700F8D1E8 /* MedecineView */,
				D85BE3DE2B51D1CC00F8D1E8 /* ColorCollectionView */,
				D85BE3D72B51B20100F8D1E8 /* PhotoCollectionView */,
				D85BE3D52B51A9D400F8D1E8 /* SecondCreateViewController.swift */,
			);
			path = SecondCreateViewController;
			sourceTree = "<group>";
		};
		D85BE3D72B51B20100F8D1E8 /* PhotoCollectionView */ = {
			isa = PBXGroup;
			children = (
				D85BE3D82B51B21100F8D1E8 /* PhotoCell */,
				D85BE3D92B51B2C000F8D1E8 /* PhotoCollectionView.swift */,
			);
			path = PhotoCollectionView;
			sourceTree = "<group>";
		};
		D85BE3D82B51B21100F8D1E8 /* PhotoCell */ = {
			isa = PBXGroup;
			children = (
				D85BE3DB2B51B30B00F8D1E8 /* PhotoCollectionViewCell.swift */,
			);
			path = PhotoCell;
			sourceTree = "<group>";
		};
		D85BE3DE2B51D1CC00F8D1E8 /* ColorCollectionView */ = {
			isa = PBXGroup;
			children = (
				D85BE3DF2B51D1D800F8D1E8 /* ColorCollectionViewCell */,
				D85BE3E02B51D20000F8D1E8 /* ColorCollectionView.swift */,
			);
			path = ColorCollectionView;
			sourceTree = "<group>";
		};
		D85BE3DF2B51D1D800F8D1E8 /* ColorCollectionViewCell */ = {
			isa = PBXGroup;
			children = (
				D85BE3E22B51D23D00F8D1E8 /* ColorCollectionViewCell.swift */,
			);
			path = ColorCollectionViewCell;
			sourceTree = "<group>";
		};
		D85BE3E42B51F18700F8D1E8 /* MedecineView */ = {
			isa = PBXGroup;
			children = (
				D85BE3E52B51F1A200F8D1E8 /* MedecineStatusView.swift */,
			);
			path = MedecineView;
			sourceTree = "<group>";
		};
		D85BE3E72B52DB7700F8D1E8 /* LocationPet */ = {
			isa = PBXGroup;
			children = (
				D85BE3EB2B52E17F00F8D1E8 /* CustomLocationTextField */,
				D85BE3E92B52DBAD00F8D1E8 /* LocationPetViewController.swift */,
			);
			path = LocationPet;
			sourceTree = "<group>";
		};
		D85BE3EB2B52E17F00F8D1E8 /* CustomLocationTextField */ = {
			isa = PBXGroup;
			children = (
				D85BE3ED2B52E28E00F8D1E8 /* CustomLocationTextField.swift */,
			);
			path = CustomLocationTextField;
			sourceTree = "<group>";
		};
		D86DF0D42B6EDC9100A65826 /* CreateNewAdView */ = {
			isa = PBXGroup;
			children = (
				D86DF0D52B6EDD0600A65826 /* ChoiceTypeAd.swift */,
			);
			path = CreateNewAdView;
			sourceTree = "<group>";
		};
		D86EA8822ADBCA8E00B8D961 /* Delegate */ = {
			isa = PBXGroup;
			children = (
				5873E39F2ADB190200F51501 /* AppDelegate.swift */,
				5873E3A12ADB190200F51501 /* SceneDelegate.swift */,
			);
			path = Delegate;
			sourceTree = "<group>";
		};
		D86EA8852ADBD09400B8D961 /* View */ = {
			isa = PBXGroup;
			children = (
				D822CE792B7E05C100C73C05 /* CustomDropDownButtonView */,
				D822CE762B7E03DD00C73C05 /* CustomTextField */,
				D822CE6A2B7DF76C00C73C05 /* FiltersView */,
				D822CE632B7D42AE00C73C05 /* ChoiceTypeAd */,
				D822CE5C2B7CAEF600C73C05 /* changeCountryView */,
				D898EFD42B7825A400D10EA0 /* SegmentSexView */,
				D898EFD12B780E1D00D10EA0 /* SortView */,
				D898EFCE2B78028100D10EA0 /* ColorCollectioView */,
				D898EFCB2B77B46300D10EA0 /* AnimalCollectionView */,
				D898EFDA2B78B84C00D10EA0 /* ProfileSwiftUIView.swift */,
				D822CE7E2B7E0C8700C73C05 /* CustomOrangeButton.swift */,
			);
			path = View;
			sourceTree = "<group>";
		};
		D86EADB02AE3B57B00FB19B6 /* Model */ = {
			isa = PBXGroup;
			children = (
				D86EADB12AE3B59000FB19B6 /* LostPetCardModel.swift */,
				D81A44C92B398B1400DC0C49 /* NotificationMode.swift */,
			);
			path = Model;
			sourceTree = "<group>";
		};
		D87D0DA32B2F539500DC5476 /* CustomSegmentControll */ = {
			isa = PBXGroup;
			children = (
				D87D0DA42B2F53B400DC5476 /* CustomSengmentControl.swift */,
			);
			path = CustomSegmentControll;
			sourceTree = "<group>";
		};
		D87D0DA62B2F57A000DC5476 /* CustomDownButton */ = {
			isa = PBXGroup;
			children = (
				D87D0DA72B2F57BD00DC5476 /* CustomDownButton.swift */,
			);
			path = CustomDownButton;
			sourceTree = "<group>";
		};
		D898EFAC2B6FFBF200D10EA0 /* SetupColorView */ = {
			isa = PBXGroup;
			children = (
				D898EFAD2B6FFC1300D10EA0 /* SetupNewColorView.swift */,
			);
			path = SetupColorView;
			sourceTree = "<group>";
		};
		D898EFB42B76BD8300D10EA0 /* MainVC */ = {
			isa = PBXGroup;
			children = (
				D898EFB92B76BE7C00D10EA0 /* AdsCollectionView */,
				D898EFB62B76BE2000D10EA0 /* CustomSearchTextField */,
				D898EFB52B76BDD500D10EA0 /* MainViewController */,
			);
			path = MainVC;
			sourceTree = "<group>";
		};
		D898EFB52B76BDD500D10EA0 /* MainViewController */ = {
			isa = PBXGroup;
			children = (
				D86EA8872ADBD10300B8D961 /* MainViewController.swift */,
			);
			path = MainViewController;
			sourceTree = "<group>";
		};
		D898EFB62B76BE2000D10EA0 /* CustomSearchTextField */ = {
			isa = PBXGroup;
			children = (
				D8A9E8152AEE3A9900E509EC /* CustomSearchTextField.swift */,
			);
			path = CustomSearchTextField;
			sourceTree = "<group>";
		};
		D898EFB92B76BE7C00D10EA0 /* AdsCollectionView */ = {
			isa = PBXGroup;
			children = (
				D898EFBA2B76BE8C00D10EA0 /* Cell */,
				D86EADAE2AE3B55E00FB19B6 /* AdsCollectionView.swift */,
			);
			path = AdsCollectionView;
			sourceTree = "<group>";
		};
		D898EFBA2B76BE8C00D10EA0 /* Cell */ = {
			isa = PBXGroup;
			children = (
				D86EADB32AE3B69000FB19B6 /* AdsCollectionViewCell.swift */,
			);
			path = Cell;
			sourceTree = "<group>";
		};
		D898EFBB2B76BEB000D10EA0 /* CustomTabBar */ = {
			isa = PBXGroup;
			children = (
				D898EFBC2B76BEE700D10EA0 /* STTabbar */,
				D86EADA62AE043C900FB19B6 /* CustomTabBarControllerViewController.swift */,
			);
			path = CustomTabBar;
			sourceTree = "<group>";
		};
		D898EFBC2B76BEE700D10EA0 /* STTabbar */ = {
			isa = PBXGroup;
			children = (
				D8F70E9C2AEC1E47006543F0 /* STTabbar.swift */,
			);
			path = STTabbar;
			sourceTree = "<group>";
		};
		D898EFBD2B76BEFD00D10EA0 /* Services */ = {
			isa = PBXGroup;
			children = (
				D898EFBE2B76BF4D00D10EA0 /* ServicesTableView */,
				D8B3BB2F2AFA8950001259A2 /* ServicesViewController.swift */,
			);
			path = Services;
			sourceTree = "<group>";
		};
		D898EFBE2B76BF4D00D10EA0 /* ServicesTableView */ = {
			isa = PBXGroup;
			children = (
				D898EFBF2B76BF6500D10EA0 /* Cell */,
				D8B3BB312AFA974F001259A2 /* ServicesTableView.swift */,
			);
			path = ServicesTableView;
			sourceTree = "<group>";
		};
		D898EFBF2B76BF6500D10EA0 /* Cell */ = {
			isa = PBXGroup;
			children = (
				D8B3BB372AFAA5D8001259A2 /* ListServicesCollectionViewCell.swift */,
				D8B3BB332AFA97BF001259A2 /* ServicesTableViewCell.swift */,
			);
			path = Cell;
			sourceTree = "<group>";
		};
		D898EFC02B76BF9500D10EA0 /* Profile */ = {
			isa = PBXGroup;
			children = (
				D8B3BB352AFAA4DA001259A2 /* ListServicesCollectionView.swift */,
				D86EADAA2AE0475A00FB19B6 /* ProfileViewController.swift */,
			);
			path = Profile;
			sourceTree = "<group>";
		};
		D898EFC12B76BFCB00D10EA0 /* AdViewController */ = {
			isa = PBXGroup;
			children = (
				D8DE97F52B35F9E800D82318 /* MapView */,
				D898EFC42B76C06500D10EA0 /* ImageCollection */,
				D8B3BB292AF63534001259A2 /* AdViewController.swift */,
			);
			path = AdViewController;
			sourceTree = "<group>";
		};
		D898EFC22B76BFDB00D10EA0 /* CreateAd */ = {
			isa = PBXGroup;
			children = (
				D8071A9C2B80A77000BAECFE /* FirstStepCreateAdView */,
				D898EFAC2B6FFBF200D10EA0 /* SetupColorView */,
				D898EFC32B76C03100D10EA0 /* Response */,
				D8E8072D2B26034300D69D67 /* CreateAdViewController */,
				D86DF0D42B6EDC9100A65826 /* CreateNewAdView */,
			);
			path = CreateAd;
			sourceTree = "<group>";
		};
		D898EFC32B76C03100D10EA0 /* Response */ = {
			isa = PBXGroup;
			children = (
				D8DE97FA2B38131400D82318 /* ResponseViewController.swift */,
			);
			path = Response;
			sourceTree = "<group>";
		};
		D898EFC42B76C06500D10EA0 /* ImageCollection */ = {
			isa = PBXGroup;
			children = (
				D8B3BB2B2AF6494E001259A2 /* ImagesAdCollectionView.swift */,
				D8B3BB2D2AF64988001259A2 /* ImageAdCollectionViewCell.swift */,
			);
			path = ImageCollection;
			sourceTree = "<group>";
		};
		D898EFC52B76C07800D10EA0 /* Notification */ = {
			isa = PBXGroup;
			children = (
				D81A44C72B398AC700DC0C49 /* NotificationTableView.swift */,
				D81A44C52B3987A600DC0C49 /* NotificationsViewController.swift */,
				D81A44CC2B398C9100DC0C49 /* NotificationTableViewCell.swift */,
			);
			path = Notification;
			sourceTree = "<group>";
		};
		D898EFC62B76C0A600D10EA0 /* StatusRespond */ = {
			isa = PBXGroup;
			children = (
				D8DE97FC2B3821DE00D82318 /* StatusRespondViewController.swift */,
			);
			path = StatusRespond;
			sourceTree = "<group>";
		};
		D898EFC82B76C0DE00D10EA0 /* Geolocation */ = {
			isa = PBXGroup;
			children = (
				D8DE97F82B37794600D82318 /* GeolocationViewController.swift */,
			);
			path = Geolocation;
			sourceTree = "<group>";
		};
		D898EFCB2B77B46300D10EA0 /* AnimalCollectionView */ = {
			isa = PBXGroup;
			children = (
				D898EFCC2B77B48000D10EA0 /* AnimalCollectionView.swift */,
			);
			path = AnimalCollectionView;
			sourceTree = "<group>";
		};
		D898EFCE2B78028100D10EA0 /* ColorCollectioView */ = {
			isa = PBXGroup;
			children = (
				D822CE682B7D59AE00C73C05 /* ColorCollection.swift */,
			);
			path = ColorCollectioView;
			sourceTree = "<group>";
		};
		D898EFD12B780E1D00D10EA0 /* SortView */ = {
			isa = PBXGroup;
			children = (
				D898EFD22B780E2D00D10EA0 /* SortView.swift */,
			);
			path = SortView;
			sourceTree = "<group>";
		};
		D898EFD42B7825A400D10EA0 /* SegmentSexView */ = {
			isa = PBXGroup;
			children = (
				D898EFD52B7825B700D10EA0 /* SexSegmentView.swift */,
			);
			path = SegmentSexView;
			sourceTree = "<group>";
		};
		D8DE97F52B35F9E800D82318 /* MapView */ = {
			isa = PBXGroup;
			children = (
				D8DE97F62B35F9FE00D82318 /* MapView.swift */,
			);
			path = MapView;
			sourceTree = "<group>";
		};
		D8E8072D2B26034300D69D67 /* CreateAdViewController */ = {
			isa = PBXGroup;
			children = (
				D85BE3E72B52DB7700F8D1E8 /* LocationPet */,
				D85BE3D42B51A9AB00F8D1E8 /* SecondCreateViewController */,
				D802463C2B2D893400B2223C /* CreateLostPetAdvert */,
			);
			path = CreateAdViewController;
			sourceTree = "<group>";
		};
/* End PBXGroup section */

/* Begin PBXNativeTarget section */
		5873E39B2ADB190200F51501 /* PetFinder */ = {
			isa = PBXNativeTarget;
			buildConfigurationList = 5873E3B02ADB190600F51501 /* Build configuration list for PBXNativeTarget "PetFinder" */;
			buildPhases = (
				86DC405528F70A805F5D3396 /* [CP] Check Pods Manifest.lock */,
				5873E3982ADB190200F51501 /* Sources */,
				5873E3992ADB190200F51501 /* Frameworks */,
				5873E39A2ADB190200F51501 /* Resources */,
				5FA8D8B421A01ECC531ECA9D /* [CP] Embed Pods Frameworks */,
			);
			buildRules = (
			);
			dependencies = (
			);
			name = PetFinder;
			productName = PetFinder;
			productReference = 5873E39C2ADB190200F51501 /* PetFinder.app */;
			productType = "com.apple.product-type.application";
		};
/* End PBXNativeTarget section */

/* Begin PBXProject section */
		5873E3942ADB190200F51501 /* Project object */ = {
			isa = PBXProject;
			attributes = {
				BuildIndependentTargetsInParallel = 1;
				LastSwiftUpdateCheck = 1420;
				LastUpgradeCheck = 1420;
				TargetAttributes = {
					5873E39B2ADB190200F51501 = {
						CreatedOnToolsVersion = 14.2;
					};
				};
			};
			buildConfigurationList = 5873E3972ADB190200F51501 /* Build configuration list for PBXProject "PetFinder" */;
			compatibilityVersion = "Xcode 13.0";
			developmentRegion = en;
			hasScannedForEncodings = 0;
			knownRegions = (
				en,
				Base,
			);
			mainGroup = 5873E3932ADB190200F51501;
			productRefGroup = 5873E39D2ADB190200F51501 /* Products */;
			projectDirPath = "";
			projectRoot = "";
			targets = (
				5873E39B2ADB190200F51501 /* PetFinder */,
			);
		};
/* End PBXProject section */

/* Begin PBXResourcesBuildPhase section */
		5873E39A2ADB190200F51501 /* Resources */ = {
			isa = PBXResourcesBuildPhase;
			buildActionMask = 2147483647;
			files = (
				5863ABFF2B6FF2BF00DABA20 /* SF-Pro-Text-RegularItalic.otf in Resources */,
				D86EA8842ADBCAE900B8D961 /* Podfile in Resources */,
				5873E3AC2ADB190600F51501 /* LaunchScreen.storyboard in Resources */,
				5863ABFA2B6FF2BF00DABA20 /* SF-Pro-Text-Regular.otf in Resources */,
				5863ABF52B6FF2BF00DABA20 /* SF-Pro-Text-HeavyItalic.otf in Resources */,
				5863AC002B6FF2BF00DABA20 /* SF-Pro-Text-Light.otf in Resources */,
				5863ABFC2B6FF2BF00DABA20 /* SF-Pro-Text-Heavy.otf in Resources */,
				5863ABF62B6FF2BF00DABA20 /* SF-Pro-Text-Semibold.otf in Resources */,
				5863ABFB2B6FF2BF00DABA20 /* SF-Pro-Text-MediumItalic.otf in Resources */,
				5863ABFD2B6FF2BF00DABA20 /* SF-Pro-Text-SemiboldItalic.otf in Resources */,
				5863ABF82B6FF2BF00DABA20 /* SF-Pro-Text-Bold.otf in Resources */,
				5863ABF72B6FF2BF00DABA20 /* SF-Pro-Text-LightItalic.otf in Resources */,
				5863ABFE2B6FF2BF00DABA20 /* SF-Pro-Text-BoldItalic.otf in Resources */,
				5863ABE72B6FF27100DABA20 /* Assets.xcassets in Resources */,
				5862D8D72B6FCE1C0086C6D6 /* swiftgen.yml in Resources */,
				5863ABF92B6FF2BF00DABA20 /* SF-Pro-Text-Medium.otf in Resources */,
			);
			runOnlyForDeploymentPostprocessing = 0;
		};
/* End PBXResourcesBuildPhase section */

/* Begin PBXShellScriptBuildPhase section */
		5FA8D8B421A01ECC531ECA9D /* [CP] Embed Pods Frameworks */ = {
			isa = PBXShellScriptBuildPhase;
			buildActionMask = 2147483647;
			files = (
			);
			inputFileListPaths = (
				"${PODS_ROOT}/Target Support Files/Pods-PetFinder/Pods-PetFinder-frameworks-${CONFIGURATION}-input-files.xcfilelist",
			);
			name = "[CP] Embed Pods Frameworks";
			outputFileListPaths = (
				"${PODS_ROOT}/Target Support Files/Pods-PetFinder/Pods-PetFinder-frameworks-${CONFIGURATION}-output-files.xcfilelist",
			);
			runOnlyForDeploymentPostprocessing = 0;
			shellPath = /bin/sh;
			shellScript = "\"${PODS_ROOT}/Target Support Files/Pods-PetFinder/Pods-PetFinder-frameworks.sh\"\n";
			showEnvVarsInLog = 0;
		};
		86DC405528F70A805F5D3396 /* [CP] Check Pods Manifest.lock */ = {
			isa = PBXShellScriptBuildPhase;
			buildActionMask = 2147483647;
			files = (
			);
			inputFileListPaths = (
			);
			inputPaths = (
				"${PODS_PODFILE_DIR_PATH}/Podfile.lock",
				"${PODS_ROOT}/Manifest.lock",
			);
			name = "[CP] Check Pods Manifest.lock";
			outputFileListPaths = (
			);
			outputPaths = (
				"$(DERIVED_FILE_DIR)/Pods-PetFinder-checkManifestLockResult.txt",
			);
			runOnlyForDeploymentPostprocessing = 0;
			shellPath = /bin/sh;
			shellScript = "diff \"${PODS_PODFILE_DIR_PATH}/Podfile.lock\" \"${PODS_ROOT}/Manifest.lock\" > /dev/null\nif [ $? != 0 ] ; then\n    # print error to STDERR\n    echo \"error: The sandbox is not in sync with the Podfile.lock. Run 'pod install' or update your CocoaPods installation.\" >&2\n    exit 1\nfi\n# This output is used by Xcode 'outputs' to avoid re-running this script phase.\necho \"SUCCESS\" > \"${SCRIPT_OUTPUT_FILE_0}\"\n";
			showEnvVarsInLog = 0;
		};
/* End PBXShellScriptBuildPhase section */

/* Begin PBXSourcesBuildPhase section */
		5873E3982ADB190200F51501 /* Sources */ = {
			isa = PBXSourcesBuildPhase;
			buildActionMask = 2147483647;
			files = (
				D87D0DA82B2F57BD00DC5476 /* CustomDownButton.swift in Sources */,
				D84297992ADC1E65006D6B06 /* Extansions.swift in Sources */,
				D8DE97F92B37794600D82318 /* GeolocationViewController.swift in Sources */,
				D8071AA42B80AD7F00BAECFE /* ChoiceColorFirstStepCreateAdView.swift in Sources */,
				587DA34F2B7383FF0001DE45 /* OnboardingViewController.swift in Sources */,
				D822CE6E2B7DFBC800C73C05 /* FiltersTopView.swift in Sources */,
				D898EFCD2B77B48000D10EA0 /* AnimalCollectionView.swift in Sources */,
				D81A44CA2B398B1400DC0C49 /* NotificationMode.swift in Sources */,
				D85BE3EE2B52E28E00F8D1E8 /* CustomLocationTextField.swift in Sources */,
				D86DF0D62B6EDD0600A65826 /* ChoiceTypeAd.swift in Sources */,
				D86EA8882ADBD10300B8D961 /* MainViewController.swift in Sources */,
				D822CE672B7D441500C73C05 /* ChoiceFilterTypeAd.swift in Sources */,
				D86EADB42AE3B69000FB19B6 /* AdsCollectionViewCell.swift in Sources */,
				D822CE732B7DFE1300C73C05 /* FilterSectionPlaceFinding.swift in Sources */,
				58D4EBF82B7256AF00F79810 /* RegisterTableViewCell.swift in Sources */,
				D86EADAB2AE0475A00FB19B6 /* ProfileViewController.swift in Sources */,
				5801E20A2B736A2700DF23FB /* ButtonExtension.swift in Sources */,
				D8B3BB2E2AF64989001259A2 /* ImageAdCollectionViewCell.swift in Sources */,
				58D4EBF22B72351F00F79810 /* LabelExtension.swift in Sources */,
				D8B3BB2C2AF6494E001259A2 /* ImagesAdCollectionView.swift in Sources */,
				D86EADAD2AE04D1700FB19B6 /* ColorExtansion.swift in Sources */,
				D85BE3E12B51D20000F8D1E8 /* ColorCollectionView.swift in Sources */,
				D898EFDB2B78B84C00D10EA0 /* ProfileSwiftUIView.swift in Sources */,
				D898EFAE2B6FFC1300D10EA0 /* SetupNewColorView.swift in Sources */,
				D8B3BB382AFAA5D8001259A2 /* ListServicesCollectionViewCell.swift in Sources */,
				D898EFD62B7825B700D10EA0 /* SexSegmentView.swift in Sources */,
				58E02B932B6FF4E700058D21 /* Fonts.generated.swift in Sources */,
				5873E3D82ADEEA7B00F51501 /* FontExtansion.swift in Sources */,
				D822CE7D2B7E087D00C73C05 /* FiltersAdditionallySectionView.swift in Sources */,
				D86EADAF2AE3B55E00FB19B6 /* AdsCollectionView.swift in Sources */,
				D8B3BB322AFA974F001259A2 /* ServicesTableView.swift in Sources */,
				025CB28F2B3837A200AEDAC0 /* RegisterViewController.swift in Sources */,
				D85BE3DC2B51B30B00F8D1E8 /* PhotoCollectionViewCell.swift in Sources */,
				D8071A9B2B80A33700BAECFE /* FirstStepCreateAdView.swift in Sources */,
				D822CE712B7DFCDF00C73C05 /* FilterTypeAd.swift in Sources */,
				D8B3BB362AFAA4DA001259A2 /* ListServicesCollectionView.swift in Sources */,
				D8071AA22B80AAC700BAECFE /* TopViewFirstStepCreateAdView.swift in Sources */,
				D85BE3E32B51D23D00F8D1E8 /* ColorCollectionViewCell.swift in Sources */,
				D81A44C82B398AC700DC0C49 /* NotificationTableView.swift in Sources */,
				D822CE752B7E00FC00C73C05 /* FiltersSectionAboutPet.swift in Sources */,
				D822CE6C2B7DF78000C73C05 /* FiltersView.swift in Sources */,
				D822CE5F2B7CB0B500C73C05 /* ChangeCountryView.swift in Sources */,
				D822CE7B2B7E05DA00C73C05 /* CustomDropDownButtonView.swift in Sources */,
				D8DE97FD2B3821DF00D82318 /* StatusRespondViewController.swift in Sources */,
				D8071A9E2B80A79300BAECFE /* SelectTypePetView.swift in Sources */,
				D8071AA02B80A97500BAECFE /* DescriptionsFirstStepCreateAdView.swift in Sources */,
				D86EADA72AE043C900FB19B6 /* CustomTabBarControllerViewController.swift in Sources */,
				58D4EBF02B721C0D00F79810 /* ForgotPasswordViewController.swift in Sources */,
				D8A9E8162AEE3A9900E509EC /* CustomSearchTextField.swift in Sources */,
				D85BE3DA2B51B2C000F8D1E8 /* PhotoCollectionView.swift in Sources */,
				58D4EBFB2B72604500F79810 /* CountryTableViewCell.swift in Sources */,
				D822CE7F2B7E0C8700C73C05 /* CustomOrangeButton.swift in Sources */,
				5873E3A02ADB190200F51501 /* AppDelegate.swift in Sources */,
				D8B3BB2A2AF63534001259A2 /* AdViewController.swift in Sources */,
				D8B3BB302AFA8950001259A2 /* ServicesViewController.swift in Sources */,
				5801E20C2B736AE600DF23FB /* ButtonTableViewCell.swift in Sources */,
				D85BE3D62B51A9D400F8D1E8 /* SecondCreateViewController.swift in Sources */,
				D81A44C62B3987A600DC0C49 /* NotificationsViewController.swift in Sources */,
				587DA3552B73DB1F0001DE45 /* DoublePasswordTableViewCell.swift in Sources */,
				D8DE97F72B35F9FE00D82318 /* MapView.swift in Sources */,
				D85BE3EA2B52DBAD00F8D1E8 /* LocationPetViewController.swift in Sources */,
				D8B3BB342AFA97BF001259A2 /* ServicesTableViewCell.swift in Sources */,
				025CB2952B3837A200AEDAC0 /* AuthViewController.swift in Sources */,
				D87D0DA52B2F53B400DC5476 /* CustomSengmentControl.swift in Sources */,
				D822CE782B7E040400C73C05 /* CustomTextFieldView.swift in Sources */,
				D85BE3E62B51F1A200F8D1E8 /* MedecineStatusView.swift in Sources */,
				D822CE692B7D59AE00C73C05 /* ColorCollection.swift in Sources */,
				D802463E2B2D89C700B2223C /* CreatePetAdvertViewController.swift in Sources */,
				D898EFD32B780E2D00D10EA0 /* SortView.swift in Sources */,
				D86EADB22AE3B59000FB19B6 /* LostPetCardModel.swift in Sources */,
				D81A44CD2B398C9100DC0C49 /* NotificationTableViewCell.swift in Sources */,
				D822CE622B7CBCC300C73C05 /* CountryManager.swift in Sources */,
				58D4EBF62B72380200F79810 /* TextFieldExtension.swift in Sources */,
				D8F70E9D2AEC1E47006543F0 /* STTabbar.swift in Sources */,
				5873E3A22ADB190200F51501 /* SceneDelegate.swift in Sources */,
				58E02B922B6FF4E700058D21 /* AssetConstants.generated.swift in Sources */,
				D8DE97FB2B38131400D82318 /* ResponseViewController.swift in Sources */,
			);
			runOnlyForDeploymentPostprocessing = 0;
		};
/* End PBXSourcesBuildPhase section */

/* Begin PBXVariantGroup section */
		5873E3AA2ADB190600F51501 /* LaunchScreen.storyboard */ = {
			isa = PBXVariantGroup;
			children = (
				5873E3AB2ADB190600F51501 /* Base */,
			);
			name = LaunchScreen.storyboard;
			sourceTree = "<group>";
		};
/* End PBXVariantGroup section */

/* Begin XCBuildConfiguration section */
		5873E3AE2ADB190600F51501 /* Debug */ = {
			isa = XCBuildConfiguration;
			buildSettings = {
				ALWAYS_SEARCH_USER_PATHS = NO;
				CLANG_ANALYZER_NONNULL = YES;
				CLANG_ANALYZER_NUMBER_OBJECT_CONVERSION = YES_AGGRESSIVE;
				CLANG_CXX_LANGUAGE_STANDARD = "gnu++20";
				CLANG_ENABLE_MODULES = YES;
				CLANG_ENABLE_OBJC_ARC = YES;
				CLANG_ENABLE_OBJC_WEAK = YES;
				CLANG_WARN_BLOCK_CAPTURE_AUTORELEASING = YES;
				CLANG_WARN_BOOL_CONVERSION = YES;
				CLANG_WARN_COMMA = YES;
				CLANG_WARN_CONSTANT_CONVERSION = YES;
				CLANG_WARN_DEPRECATED_OBJC_IMPLEMENTATIONS = YES;
				CLANG_WARN_DIRECT_OBJC_ISA_USAGE = YES_ERROR;
				CLANG_WARN_DOCUMENTATION_COMMENTS = YES;
				CLANG_WARN_EMPTY_BODY = YES;
				CLANG_WARN_ENUM_CONVERSION = YES;
				CLANG_WARN_INFINITE_RECURSION = YES;
				CLANG_WARN_INT_CONVERSION = YES;
				CLANG_WARN_NON_LITERAL_NULL_CONVERSION = YES;
				CLANG_WARN_OBJC_IMPLICIT_RETAIN_SELF = YES;
				CLANG_WARN_OBJC_LITERAL_CONVERSION = YES;
				CLANG_WARN_OBJC_ROOT_CLASS = YES_ERROR;
				CLANG_WARN_QUOTED_INCLUDE_IN_FRAMEWORK_HEADER = YES;
				CLANG_WARN_RANGE_LOOP_ANALYSIS = YES;
				CLANG_WARN_STRICT_PROTOTYPES = YES;
				CLANG_WARN_SUSPICIOUS_MOVE = YES;
				CLANG_WARN_UNGUARDED_AVAILABILITY = YES_AGGRESSIVE;
				CLANG_WARN_UNREACHABLE_CODE = YES;
				CLANG_WARN__DUPLICATE_METHOD_MATCH = YES;
				COPY_PHASE_STRIP = NO;
				DEBUG_INFORMATION_FORMAT = dwarf;
				ENABLE_STRICT_OBJC_MSGSEND = YES;
				ENABLE_TESTABILITY = YES;
				GCC_C_LANGUAGE_STANDARD = gnu11;
				GCC_DYNAMIC_NO_PIC = NO;
				GCC_NO_COMMON_BLOCKS = YES;
				GCC_OPTIMIZATION_LEVEL = 0;
				GCC_PREPROCESSOR_DEFINITIONS = (
					"DEBUG=1",
					"$(inherited)",
				);
				GCC_WARN_64_TO_32_BIT_CONVERSION = YES;
				GCC_WARN_ABOUT_RETURN_TYPE = YES_ERROR;
				GCC_WARN_UNDECLARED_SELECTOR = YES;
				GCC_WARN_UNINITIALIZED_AUTOS = YES_AGGRESSIVE;
				GCC_WARN_UNUSED_FUNCTION = YES;
				GCC_WARN_UNUSED_VARIABLE = YES;
				IPHONEOS_DEPLOYMENT_TARGET = 15.5;
				MTL_ENABLE_DEBUG_INFO = INCLUDE_SOURCE;
				MTL_FAST_MATH = YES;
				ONLY_ACTIVE_ARCH = YES;
				SDKROOT = iphoneos;
				SWIFT_ACTIVE_COMPILATION_CONDITIONS = DEBUG;
				SWIFT_OPTIMIZATION_LEVEL = "-Onone";
			};
			name = Debug;
		};
		5873E3AF2ADB190600F51501 /* Release */ = {
			isa = XCBuildConfiguration;
			buildSettings = {
				ALWAYS_SEARCH_USER_PATHS = NO;
				CLANG_ANALYZER_NONNULL = YES;
				CLANG_ANALYZER_NUMBER_OBJECT_CONVERSION = YES_AGGRESSIVE;
				CLANG_CXX_LANGUAGE_STANDARD = "gnu++20";
				CLANG_ENABLE_MODULES = YES;
				CLANG_ENABLE_OBJC_ARC = YES;
				CLANG_ENABLE_OBJC_WEAK = YES;
				CLANG_WARN_BLOCK_CAPTURE_AUTORELEASING = YES;
				CLANG_WARN_BOOL_CONVERSION = YES;
				CLANG_WARN_COMMA = YES;
				CLANG_WARN_CONSTANT_CONVERSION = YES;
				CLANG_WARN_DEPRECATED_OBJC_IMPLEMENTATIONS = YES;
				CLANG_WARN_DIRECT_OBJC_ISA_USAGE = YES_ERROR;
				CLANG_WARN_DOCUMENTATION_COMMENTS = YES;
				CLANG_WARN_EMPTY_BODY = YES;
				CLANG_WARN_ENUM_CONVERSION = YES;
				CLANG_WARN_INFINITE_RECURSION = YES;
				CLANG_WARN_INT_CONVERSION = YES;
				CLANG_WARN_NON_LITERAL_NULL_CONVERSION = YES;
				CLANG_WARN_OBJC_IMPLICIT_RETAIN_SELF = YES;
				CLANG_WARN_OBJC_LITERAL_CONVERSION = YES;
				CLANG_WARN_OBJC_ROOT_CLASS = YES_ERROR;
				CLANG_WARN_QUOTED_INCLUDE_IN_FRAMEWORK_HEADER = YES;
				CLANG_WARN_RANGE_LOOP_ANALYSIS = YES;
				CLANG_WARN_STRICT_PROTOTYPES = YES;
				CLANG_WARN_SUSPICIOUS_MOVE = YES;
				CLANG_WARN_UNGUARDED_AVAILABILITY = YES_AGGRESSIVE;
				CLANG_WARN_UNREACHABLE_CODE = YES;
				CLANG_WARN__DUPLICATE_METHOD_MATCH = YES;
				COPY_PHASE_STRIP = NO;
				DEBUG_INFORMATION_FORMAT = "dwarf-with-dsym";
				ENABLE_NS_ASSERTIONS = NO;
				ENABLE_STRICT_OBJC_MSGSEND = YES;
				GCC_C_LANGUAGE_STANDARD = gnu11;
				GCC_NO_COMMON_BLOCKS = YES;
				GCC_WARN_64_TO_32_BIT_CONVERSION = YES;
				GCC_WARN_ABOUT_RETURN_TYPE = YES_ERROR;
				GCC_WARN_UNDECLARED_SELECTOR = YES;
				GCC_WARN_UNINITIALIZED_AUTOS = YES_AGGRESSIVE;
				GCC_WARN_UNUSED_FUNCTION = YES;
				GCC_WARN_UNUSED_VARIABLE = YES;
				IPHONEOS_DEPLOYMENT_TARGET = 15.5;
				MTL_ENABLE_DEBUG_INFO = NO;
				MTL_FAST_MATH = YES;
				SDKROOT = iphoneos;
				SWIFT_COMPILATION_MODE = wholemodule;
				SWIFT_OPTIMIZATION_LEVEL = "-O";
				VALIDATE_PRODUCT = YES;
			};
			name = Release;
		};
		5873E3B12ADB190600F51501 /* Debug */ = {
			isa = XCBuildConfiguration;
			baseConfigurationReference = BF7A263FFCB875A6E2D63AA6 /* Pods-PetFinder.debug.xcconfig */;
			buildSettings = {
				ASSETCATALOG_COMPILER_APPICON_NAME = AppIcon;
				ASSETCATALOG_COMPILER_GLOBAL_ACCENT_COLOR_NAME = AccentColor;
				CODE_SIGN_STYLE = Automatic;
				CURRENT_PROJECT_VERSION = 1;
				DEVELOPMENT_TEAM = F35HH4ULT9;
				GENERATE_INFOPLIST_FILE = YES;
				INFOPLIST_FILE = PetFinder/Info.plist;
				INFOPLIST_KEY_UIApplicationSupportsIndirectInputEvents = YES;
				INFOPLIST_KEY_UILaunchStoryboardName = LaunchScreen;
				INFOPLIST_KEY_UISupportedInterfaceOrientations_iPad = "UIInterfaceOrientationPortrait UIInterfaceOrientationPortraitUpsideDown UIInterfaceOrientationLandscapeLeft UIInterfaceOrientationLandscapeRight";
				INFOPLIST_KEY_UISupportedInterfaceOrientations_iPhone = "UIInterfaceOrientationPortrait UIInterfaceOrientationLandscapeLeft UIInterfaceOrientationLandscapeRight";
				LD_RUNPATH_SEARCH_PATHS = (
					"$(inherited)",
					"@executable_path/Frameworks",
				);
				MARKETING_VERSION = 1.0;
				PRODUCT_BUNDLE_IDENTIFIER = develop.PetFinder;
				PRODUCT_NAME = "$(TARGET_NAME)";
				SUPPORTED_PLATFORMS = "iphoneos iphonesimulator";
				SUPPORTS_MACCATALYST = NO;
				SUPPORTS_MAC_DESIGNED_FOR_IPHONE_IPAD = NO;
				SWIFT_EMIT_LOC_STRINGS = YES;
				SWIFT_VERSION = 5.0;
				TARGETED_DEVICE_FAMILY = 1;
			};
			name = Debug;
		};
		5873E3B22ADB190600F51501 /* Release */ = {
			isa = XCBuildConfiguration;
			baseConfigurationReference = 315C23E2AA7CC7CA463BE81C /* Pods-PetFinder.release.xcconfig */;
			buildSettings = {
				ASSETCATALOG_COMPILER_APPICON_NAME = AppIcon;
				ASSETCATALOG_COMPILER_GLOBAL_ACCENT_COLOR_NAME = AccentColor;
				CODE_SIGN_STYLE = Automatic;
				CURRENT_PROJECT_VERSION = 1;
				DEVELOPMENT_TEAM = F35HH4ULT9;
				GENERATE_INFOPLIST_FILE = YES;
				INFOPLIST_FILE = PetFinder/Info.plist;
				INFOPLIST_KEY_UIApplicationSupportsIndirectInputEvents = YES;
				INFOPLIST_KEY_UILaunchStoryboardName = LaunchScreen;
				INFOPLIST_KEY_UISupportedInterfaceOrientations_iPad = "UIInterfaceOrientationPortrait UIInterfaceOrientationPortraitUpsideDown UIInterfaceOrientationLandscapeLeft UIInterfaceOrientationLandscapeRight";
				INFOPLIST_KEY_UISupportedInterfaceOrientations_iPhone = "UIInterfaceOrientationPortrait UIInterfaceOrientationLandscapeLeft UIInterfaceOrientationLandscapeRight";
				LD_RUNPATH_SEARCH_PATHS = (
					"$(inherited)",
					"@executable_path/Frameworks",
				);
				MARKETING_VERSION = 1.0;
				PRODUCT_BUNDLE_IDENTIFIER = develop.PetFinder;
				PRODUCT_NAME = "$(TARGET_NAME)";
				SUPPORTED_PLATFORMS = "iphoneos iphonesimulator";
				SUPPORTS_MACCATALYST = NO;
				SUPPORTS_MAC_DESIGNED_FOR_IPHONE_IPAD = NO;
				SWIFT_EMIT_LOC_STRINGS = YES;
				SWIFT_VERSION = 5.0;
				TARGETED_DEVICE_FAMILY = 1;
			};
			name = Release;
		};
/* End XCBuildConfiguration section */

/* Begin XCConfigurationList section */
		5873E3972ADB190200F51501 /* Build configuration list for PBXProject "PetFinder" */ = {
			isa = XCConfigurationList;
			buildConfigurations = (
				5873E3AE2ADB190600F51501 /* Debug */,
				5873E3AF2ADB190600F51501 /* Release */,
			);
			defaultConfigurationIsVisible = 0;
			defaultConfigurationName = Release;
		};
		5873E3B02ADB190600F51501 /* Build configuration list for PBXNativeTarget "PetFinder" */ = {
			isa = XCConfigurationList;
			buildConfigurations = (
				5873E3B12ADB190600F51501 /* Debug */,
				5873E3B22ADB190600F51501 /* Release */,
			);
			defaultConfigurationIsVisible = 0;
			defaultConfigurationName = Release;
		};
/* End XCConfigurationList section */
	};
	rootObject = 5873E3942ADB190200F51501 /* Project object */;
}
